
Microsoft Visual Studio Solution File, Format Version 12.00
# Visual Studio 14
VisualStudioVersion = 14.0.25420.1
MinimumVisualStudioVersion = 10.0.40219.1
Project("{FAE04EC0-301F-11D3-BF4B-00C04F79EFBC}") = "BowlingScoringEngine", "BowlingScoringEngine\BowlingScoringEngine.csproj", "{E8C068C4-07B6-46A6-981E-2F4B3DAAE1A4}"
EndProject
Project("{FAE04EC0-301F-11D3-BF4B-00C04F79EFBC}") = "BowlingScoringEngine.Tests", "BowlingScoringEngine.Tests\BowlingScoringEngine.Tests.csproj", "{64DBAC51-56E0-4DA3-A5EB-EC5E949E0CD6}"
EndProject
Global
	GlobalSection(SolutionConfigurationPlatforms) = preSolution
		Debug|Any CPU = Debug|Any CPU
		Release|Any CPU = Release|Any CPU
	EndGlobalSection
	GlobalSection(ProjectConfigurationPlatforms) = postSolution
		{E8C068C4-07B6-46A6-981E-2F4B3DAAE1A4}.Debug|Any CPU.ActiveCfg = Debug|Any CPU
		{E8C068C4-07B6-46A6-981E-2F4B3DAAE1A4}.Debug|Any CPU.Build.0 = Debug|Any CPU
		{E8C068C4-07B6-46A6-981E-2F4B3DAAE1A4}.Release|Any CPU.ActiveCfg = Release|Any CPU
		{E8C068C4-07B6-46A6-981E-2F4B3DAAE1A4}.Release|Any CPU.Build.0 = Release|Any CPU
		{64DBAC51-56E0-4DA3-A5EB-EC5E949E0CD6}.Debug|Any CPU.ActiveCfg = Debug|Any CPU
		{64DBAC51-56E0-4DA3-A5EB-EC5E949E0CD6}.Debug|Any CPU.Build.0 = Debug|Any CPU
		{64DBAC51-56E0-4DA3-A5EB-EC5E949E0CD6}.Release|Any CPU.ActiveCfg = Release|Any CPU
		{64DBAC51-56E0-4DA3-A5EB-EC5E949E0CD6}.Release|Any CPU.Build.0 = Release|Any CPU
	EndGlobalSection
	GlobalSection(SolutionProperties) = preSolution
		HideSolutionNode = FALSE
	EndGlobalSection
EndGlobal
