
Microsoft Visual Studio Solution File, Format Version 12.00
# Visual Studio 15
VisualStudioVersion = 15.0.28307.705
MinimumVisualStudioVersion = 10.0.40219.1
Project("{FAE04EC0-301F-11D3-BF4B-00C04F79EFBC}") = "BowlingScoringEngine.Tests", "BowlingScoringEngine.Tests\BowlingScoringEngine.Tests.csproj", "{64DBAC51-56E0-4DA3-A5EB-EC5E949E0CD6}"
EndProject
Project("{FAE04EC0-301F-11D3-BF4B-00C04F79EFBC}") = "BowlingScoringEngineCore", "BowlingScoringEngineCore\BowlingScoringEngineCore.csproj", "{D2546B71-4A69-40B6-96C9-0F39A3B27B63}"
EndProject
Project("{FAE04EC0-301F-11D3-BF4B-00C04F79EFBC}") = "BowlingScoringLibrary", "BowlingScoringLibrary\BowlingScoringLibrary.csproj", "{A5B26722-128A-4209-98AA-FC84E2B1B86B}"
EndProject
Global
	GlobalSection(SolutionConfigurationPlatforms) = preSolution
		Debug|Any CPU = Debug|Any CPU
		Release|Any CPU = Release|Any CPU
	EndGlobalSection
	GlobalSection(ProjectConfigurationPlatforms) = postSolution
		{64DBAC51-56E0-4DA3-A5EB-EC5E949E0CD6}.Debug|Any CPU.ActiveCfg = Debug|Any CPU
		{64DBAC51-56E0-4DA3-A5EB-EC5E949E0CD6}.Debug|Any CPU.Build.0 = Debug|Any CPU
		{64DBAC51-56E0-4DA3-A5EB-EC5E949E0CD6}.Release|Any CPU.ActiveCfg = Release|Any CPU
		{64DBAC51-56E0-4DA3-A5EB-EC5E949E0CD6}.Release|Any CPU.Build.0 = Release|Any CPU
		{D2546B71-4A69-40B6-96C9-0F39A3B27B63}.Debug|Any CPU.ActiveCfg = Debug|Any CPU
		{D2546B71-4A69-40B6-96C9-0F39A3B27B63}.Debug|Any CPU.Build.0 = Debug|Any CPU
		{D2546B71-4A69-40B6-96C9-0F39A3B27B63}.Release|Any CPU.ActiveCfg = Release|Any CPU
		{D2546B71-4A69-40B6-96C9-0F39A3B27B63}.Release|Any CPU.Build.0 = Release|Any CPU
		{A5B26722-128A-4209-98AA-FC84E2B1B86B}.Debug|Any CPU.ActiveCfg = Debug|Any CPU
		{A5B26722-128A-4209-98AA-FC84E2B1B86B}.Debug|Any CPU.Build.0 = Debug|Any CPU
		{A5B26722-128A-4209-98AA-FC84E2B1B86B}.Release|Any CPU.ActiveCfg = Release|Any CPU
		{A5B26722-128A-4209-98AA-FC84E2B1B86B}.Release|Any CPU.Build.0 = Release|Any CPU
	EndGlobalSection
	GlobalSection(SolutionProperties) = preSolution
		HideSolutionNode = FALSE
	EndGlobalSection
	GlobalSection(ExtensibilityGlobals) = postSolution
		SolutionGuid = {334EC77A-01A0-422D-B4F7-9CBE15C073B1}
	EndGlobalSection
EndGlobal
